
Microsoft Visual Studio Solution File, Format Version 12.00
# Visual Studio Version 17
VisualStudioVersion = 17.4.33213.308
MinimumVisualStudioVersion = 10.0.40219.1
Project("{F184B08F-C81C-45F6-A57F-5ABD9991F28F}") = "Unit_5_VB", "Unit_5_VB.vbproj", "{A5C1AECA-8E79-44B4-9A1C-77F6B8F2B458}"
EndProject
Global
	GlobalSection(SolutionConfigurationPlatforms) = preSolution
		Debug|Any CPU = Debug|Any CPU
		Release|Any CPU = Release|Any CPU
	EndGlobalSection
	GlobalSection(ProjectConfigurationPlatforms) = postSolution
		{A5C1AECA-8E79-44B4-9A1C-77F6B8F2B458}.Debug|Any CPU.ActiveCfg = Debug|Any CPU
		{A5C1AECA-8E79-44B4-9A1C-77F6B8F2B458}.Debug|Any CPU.Build.0 = Debug|Any CPU
		{A5C1AECA-8E79-44B4-9A1C-77F6B8F2B458}.Release|Any CPU.ActiveCfg = Release|Any CPU
		{A5C1AECA-8E79-44B4-9A1C-77F6B8F2B458}.Release|Any CPU.Build.0 = Release|Any CPU
	EndGlobalSection
	GlobalSection(SolutionProperties) = preSolution
		HideSolutionNode = FALSE
	EndGlobalSection
	GlobalSection(ExtensibilityGlobals) = postSolution
		SolutionGuid = {F6F5DDC8-D633-410D-95C9-F91B1B9AC93F}
	EndGlobalSection
EndGlobal
